
Microsoft Visual Studio Solution File, Format Version 12.00
# Visual Studio 15
VisualStudioVersion = 15.0.28307.902
MinimumVisualStudioVersion = 10.0.40219.1
Project("{FAE04EC0-301F-11D3-BF4B-00C04F79EFBC}") = "_vsAzureProject2", "_vsAzureProject2\_vsAzureProject2.csproj", "{E8BBCCBD-E174-492B-821D-5755CE5E56F8}"
EndProject
Global
	GlobalSection(SolutionConfigurationPlatforms) = preSolution
		Debug|Any CPU = Debug|Any CPU
		Release|Any CPU = Release|Any CPU
	EndGlobalSection
	GlobalSection(ProjectConfigurationPlatforms) = postSolution
		{E8BBCCBD-E174-492B-821D-5755CE5E56F8}.Debug|Any CPU.ActiveCfg = Debug|Any CPU
		{E8BBCCBD-E174-492B-821D-5755CE5E56F8}.Debug|Any CPU.Build.0 = Debug|Any CPU
		{E8BBCCBD-E174-492B-821D-5755CE5E56F8}.Release|Any CPU.ActiveCfg = Release|Any CPU
		{E8BBCCBD-E174-492B-821D-5755CE5E56F8}.Release|Any CPU.Build.0 = Release|Any CPU
	EndGlobalSection
	GlobalSection(SolutionProperties) = preSolution
		HideSolutionNode = FALSE
	EndGlobalSection
	GlobalSection(ExtensibilityGlobals) = postSolution
		SolutionGuid = {CCA1A215-4959-4D90-AC24-C1798742B1CA}
	EndGlobalSection
EndGlobal
